{
  "version": 1,
  "dependencies": {
    ".NETFramework,Version=v4.7.2": {
      "Fody": {
        "type": "Direct",
        "requested": "[4.2.1, )",
        "resolved": "4.2.1",
        "contentHash": "46t+e1eESclH4TkfqUEYAgZ1+ZbXSFS7GqSKvtcw6u2yT05heDKdzj1r3YA/6FCZM4uB4z7qRW9V+gBsCilonQ=="
      },
      "Microsoft.SourceLink.GitHub": {
        "type": "Direct",
        "requested": "[1.1.0, )",
        "resolved": "1.1.0",
        "contentHash": "DD/LF81k5ODHCfPnBCds97N6KKSS1X1NiDcJYUUpiTu5mmuPktZplhYFrAPQPktMBKvNMdwFrwJ7Fqa3tyTIuA==",
        "dependencies": {
          "Microsoft.Build.Tasks.Git": "1.1.0",
          "Microsoft.SourceLink.Common": "1.1.0"
        }
      },
      "Nerdbank.GitVersioning": {
        "type": "Direct",
        "requested": "[3.4.244, )",
        "resolved": "3.4.244",
        "contentHash": "L+xHZiYgIvMEbHo1X49HxgfUhfh52/TWLOuUDsOP3OAY0QAn+W6SRNA5bvIRBQ4291SlTZUXPbCRPX8bn7H86Q=="
      },
      "Polly": {
        "type": "Direct",
        "requested": "[7.2.2, )",
        "resolved": "7.2.2",
        "contentHash": "E6CeKyS513j7taKAq4q2MESDBvzuzWnR1rQ2Y2zqJvpiVtKMm699Aubb20MUPBDmb0Ov8PmcLHTCVFdCjoy2kA=="
      },
      "Polly.Contrib.WaitAndRetry": {
        "type": "Direct",
        "requested": "[1.1.1, )",
        "resolved": "1.1.1",
        "contentHash": "1MUQLiSo4KDkQe6nzQRhIU05lm9jlexX5BVsbuw0SL82ynZ+GzAHQxJVDPVBboxV37Po3SG077aX8DuSy8TkaA=="
      },
      "PropertyChanged.Fody": {
        "type": "Direct",
        "requested": "[2.6.1, )",
        "resolved": "2.6.1",
        "contentHash": "dCMGDjA7ahlpCIfvPxwXB6KIIeYtc2qALk69p22HQwgzKJQG25l87l5skk5ZBV5/B/z3dQZBVZkdJZbvtEXuAg==",
        "dependencies": {
          "Fody": "4.2.1"
        }
      },
      "System.IO.Ports": {
        "type": "Direct",
        "requested": "[6.0.0, )",
        "resolved": "6.0.0",
        "contentHash": "dRyGI7fUESar5ZLIpiBOaaNLW7YyOBGftjj5Of+xcduC/Rjl7RjhEnWDvvNBmHuF3d0tdXoqdVI/yrVA8f00XA=="
      },
      "System.Threading.Tasks.Extensions": {
        "type": "Direct",
        "requested": "[4.5.4, )",
        "resolved": "4.5.4",
        "contentHash": "zteT+G8xuGu6mS+mzDzYXbzS7rd3K6Fjb9RiZlYlJPam2/hU7JCBZBVEcywNuR+oZ1ncTvc/cq0faRr3P01OVg==",
        "dependencies": {
          "System.Runtime.CompilerServices.Unsafe": "4.5.3"
        }
      },
      "System.ValueTuple": {
        "type": "Direct",
        "requested": "[4.5.0, )",
        "resolved": "4.5.0",
        "contentHash": "okurQJO6NRE/apDIP23ajJ0hpiNmJ+f0BwOlB/cSqTLQlw5upkf+5+96+iG2Jw40G1fCVCyPz/FhIABUjMR+RQ=="
      },
      "Microsoft.Build.Tasks.Git": {
        "type": "Transitive",
        "resolved": "1.1.0",
        "contentHash": "DD84CsvKf+hfDBbYXIvBXeY7JGfbtoIMMjlPGVaKIp6aWoIdL5EJbWvk+skGkM7/Weezj3q1a89nTPAcGlGcpw=="
      },
      "Microsoft.SourceLink.Common": {
        "type": "Transitive",
        "resolved": "1.1.0",
        "contentHash": "TyGnSaCanfxunClp2af9jpXY127q7g5tiOv0XN/JGcalyKwYusYp06BUGSmCopg/GhmJJSiR/9PS0suXHCGxtw=="
      },
      "System.Runtime.CompilerServices.Unsafe": {
        "type": "Transitive",
        "resolved": "4.5.3",
        "contentHash": "3TIsJhD1EiiT0w2CcDMN/iSSwnNnsrnbzeVHSKkaEgV85txMprmuO+Yq2AdSbeVGcg28pdNDTPK87tJhX7VFHw=="
      }
    },
    ".NETFramework,Version=v4.7.2/win": {
      "System.IO.Ports": {
        "type": "Direct",
        "requested": "[6.0.0, )",
        "resolved": "6.0.0",
        "contentHash": "dRyGI7fUESar5ZLIpiBOaaNLW7YyOBGftjj5Of+xcduC/Rjl7RjhEnWDvvNBmHuF3d0tdXoqdVI/yrVA8f00XA=="
      }
    },
    ".NETFramework,Version=v4.7.2/win-x64": {
      "System.IO.Ports": {
        "type": "Direct",
        "requested": "[6.0.0, )",
        "resolved": "6.0.0",
        "contentHash": "dRyGI7fUESar5ZLIpiBOaaNLW7YyOBGftjj5Of+xcduC/Rjl7RjhEnWDvvNBmHuF3d0tdXoqdVI/yrVA8f00XA=="
      }
    },
    ".NETFramework,Version=v4.7.2/win-x86": {
      "System.IO.Ports": {
        "type": "Direct",
        "requested": "[6.0.0, )",
        "resolved": "6.0.0",
        "contentHash": "dRyGI7fUESar5ZLIpiBOaaNLW7YyOBGftjj5Of+xcduC/Rjl7RjhEnWDvvNBmHuF3d0tdXoqdVI/yrVA8f00XA=="
      }
    }
  }
}