{
  "version": 1,
  "dependencies": {
    ".NETFramework,Version=v4.7.2": {
      "Fody": {
        "type": "Direct",
        "requested": "[4.2.1, )",
        "resolved": "4.2.1",
        "contentHash": "46t+e1eESclH4TkfqUEYAgZ1+ZbXSFS7GqSKvtcw6u2yT05heDKdzj1r3YA/6FCZM4uB4z7qRW9V+gBsCilonQ=="
      },
      "Microsoft.SourceLink.GitHub": {
        "type": "Direct",
        "requested": "[1.1.1, )",
        "resolved": "1.1.1",
        "contentHash": "IaJGnOv/M7UQjRJks7B6p7pbPnOwisYGOIzqCz5ilGFTApZ3ktOR+6zJ12ZRPInulBmdAf1SrGdDG2MU8g6XTw==",
        "dependencies": {
          "Microsoft.Build.Tasks.Git": "1.1.1",
          "Microsoft.SourceLink.Common": "1.1.1"
        }
      },
      "Nerdbank.GitVersioning": {
        "type": "Direct",
        "requested": "[3.5.104, )",
        "resolved": "3.5.104",
        "contentHash": "U2rlnA+5RxROC53NXtcbX+ZZUajdcuBLQ/OgZF9abOZZzCBuqxUThx1rsQ+Lw8MMy8CU2o6Ctz0q3zz0bM5J8g=="
      },
      "NuGet.Build.Tasks.Pack": {
        "type": "Direct",
        "requested": "[6.2.0, )",
        "resolved": "6.2.0",
        "contentHash": "zPiRvUhPFqG/YjI+eoOuFrz51v6eUeEDbCebqEnFYP+UiGTwA0e7Qa1wg7aq8Xot9ZfqhI5Zo9N3j342sc4ILQ=="
      },
      "Polly": {
        "type": "Direct",
        "requested": "[7.2.3, )",
        "resolved": "7.2.3",
        "contentHash": "DeCY0OFbNdNxsjntr1gTXHJ5pKUwYzp04Er2LLeN3g6pWhffsGuKVfMBLe1lw7x76HrPkLxKEFxBlpRxS2nDEQ=="
      },
      "Polly.Contrib.WaitAndRetry": {
        "type": "Direct",
        "requested": "[1.1.1, )",
        "resolved": "1.1.1",
        "contentHash": "1MUQLiSo4KDkQe6nzQRhIU05lm9jlexX5BVsbuw0SL82ynZ+GzAHQxJVDPVBboxV37Po3SG077aX8DuSy8TkaA=="
      },
      "PropertyChanged.Fody": {
        "type": "Direct",
        "requested": "[2.6.1, )",
        "resolved": "2.6.1",
        "contentHash": "dCMGDjA7ahlpCIfvPxwXB6KIIeYtc2qALk69p22HQwgzKJQG25l87l5skk5ZBV5/B/z3dQZBVZkdJZbvtEXuAg==",
        "dependencies": {
          "Fody": "4.2.1"
        }
      },
      "System.IO.Ports": {
        "type": "Direct",
        "requested": "[6.0.0, )",
        "resolved": "6.0.0",
        "contentHash": "dRyGI7fUESar5ZLIpiBOaaNLW7YyOBGftjj5Of+xcduC/Rjl7RjhEnWDvvNBmHuF3d0tdXoqdVI/yrVA8f00XA=="
      },
      "System.Threading.Tasks.Extensions": {
        "type": "Direct",
        "requested": "[4.5.4, )",
        "resolved": "4.5.4",
        "contentHash": "zteT+G8xuGu6mS+mzDzYXbzS7rd3K6Fjb9RiZlYlJPam2/hU7JCBZBVEcywNuR+oZ1ncTvc/cq0faRr3P01OVg==",
        "dependencies": {
          "System.Runtime.CompilerServices.Unsafe": "4.5.3"
        }
      },
      "System.ValueTuple": {
        "type": "Direct",
        "requested": "[4.5.0, )",
        "resolved": "4.5.0",
        "contentHash": "okurQJO6NRE/apDIP23ajJ0hpiNmJ+f0BwOlB/cSqTLQlw5upkf+5+96+iG2Jw40G1fCVCyPz/FhIABUjMR+RQ=="
      },
      "Microsoft.Build.Tasks.Git": {
        "type": "Transitive",
        "resolved": "1.1.1",
        "contentHash": "AT3HlgTjsqHnWpBHSNeR0KxbLZD7bztlZVj7I8vgeYG9SYqbeFGh0TM/KVtC6fg53nrWHl3VfZFvb5BiQFcY6Q=="
      },
      "Microsoft.SourceLink.Common": {
        "type": "Transitive",
        "resolved": "1.1.1",
        "contentHash": "WMcGpWKrmJmzrNeuaEb23bEMnbtR/vLmvZtkAP5qWu7vQsY59GqfRJd65sFpBszbd2k/bQ8cs8eWawQKAabkVg=="
      },
      "System.Runtime.CompilerServices.Unsafe": {
        "type": "Transitive",
        "resolved": "4.5.3",
        "contentHash": "3TIsJhD1EiiT0w2CcDMN/iSSwnNnsrnbzeVHSKkaEgV85txMprmuO+Yq2AdSbeVGcg28pdNDTPK87tJhX7VFHw=="
      }
    },
    ".NETFramework,Version=v4.7.2/win": {
      "System.IO.Ports": {
        "type": "Direct",
        "requested": "[6.0.0, )",
        "resolved": "6.0.0",
        "contentHash": "dRyGI7fUESar5ZLIpiBOaaNLW7YyOBGftjj5Of+xcduC/Rjl7RjhEnWDvvNBmHuF3d0tdXoqdVI/yrVA8f00XA=="
      }
    },
    ".NETFramework,Version=v4.7.2/win-x64": {
      "System.IO.Ports": {
        "type": "Direct",
        "requested": "[6.0.0, )",
        "resolved": "6.0.0",
        "contentHash": "dRyGI7fUESar5ZLIpiBOaaNLW7YyOBGftjj5Of+xcduC/Rjl7RjhEnWDvvNBmHuF3d0tdXoqdVI/yrVA8f00XA=="
      }
    },
    ".NETFramework,Version=v4.7.2/win-x86": {
      "System.IO.Ports": {
        "type": "Direct",
        "requested": "[6.0.0, )",
        "resolved": "6.0.0",
        "contentHash": "dRyGI7fUESar5ZLIpiBOaaNLW7YyOBGftjj5Of+xcduC/Rjl7RjhEnWDvvNBmHuF3d0tdXoqdVI/yrVA8f00XA=="
      }
    }
  }
}