{
  "version": 1,
  "dependencies": {
    "UAP,Version=v10.0.17134": {
      "Microsoft.NETCore.UniversalWindowsPlatform": {
        "type": "Direct",
        "requested": "[6.2.10, )",
        "resolved": "6.2.10",
        "contentHash": "ROxFw/6HrgkUQKna0NAPWfmnuHpp/5JFB+lvTG47ELXiYjYpBfEKCGXax8kh/KKzP6uLDn4M3zJUUXC6Bst1+Q==",
        "dependencies": {
          "Microsoft.NETCore.Platforms": "2.1.0",
          "Microsoft.Net.Native.Compiler": "2.2.8-rel-28605-00",
          "Microsoft.Net.UWPCoreRuntimeSdk": "2.2.10",
          "NETStandard.Library": "2.0.3"
        }
      },
      "Nerdbank.GitVersioning": {
        "type": "Direct",
        "requested": "[3.1.91, )",
        "resolved": "3.1.91",
        "contentHash": "eQI9TrHjxDtM4eUtl8zCAT5DGtQgZ6mpRd/qkHBEWUeLK/cn1wXnTdJ/6ffs5tlFDP1mEmGHc//wUzFdfr4Eiw=="
      },
      "PropertyChanged.Fody": {
        "type": "Direct",
        "requested": "[2.6.1, )",
        "resolved": "2.6.1",
        "contentHash": "dCMGDjA7ahlpCIfvPxwXB6KIIeYtc2qALk69p22HQwgzKJQG25l87l5skk5ZBV5/B/z3dQZBVZkdJZbvtEXuAg==",
        "dependencies": {
          "Fody": "4.2.1",
          "NETStandard.Library": "1.6.1"
        }
      },
      "System.Threading.Tasks.Extensions": {
        "type": "Direct",
        "requested": "[4.5.4, )",
        "resolved": "4.5.4",
        "contentHash": "zteT+G8xuGu6mS+mzDzYXbzS7rd3K6Fjb9RiZlYlJPam2/hU7JCBZBVEcywNuR+oZ1ncTvc/cq0faRr3P01OVg==",
        "dependencies": {
          "System.Runtime.CompilerServices.Unsafe": "4.5.3"
        }
      },
      "System.ValueTuple": {
        "type": "Direct",
        "requested": "[4.5.0, )",
        "resolved": "4.5.0",
        "contentHash": "okurQJO6NRE/apDIP23ajJ0hpiNmJ+f0BwOlB/cSqTLQlw5upkf+5+96+iG2Jw40G1fCVCyPz/FhIABUjMR+RQ=="
      },
      "Fody": {
        "type": "Transitive",
        "resolved": "4.2.1",
        "contentHash": "46t+e1eESclH4TkfqUEYAgZ1+ZbXSFS7GqSKvtcw6u2yT05heDKdzj1r3YA/6FCZM4uB4z7qRW9V+gBsCilonQ=="
      },
      "Microsoft.Net.Native.Compiler": {
        "type": "Transitive",
        "resolved": "2.2.8-rel-28605-00",
        "contentHash": "5dPUM27TkI2K/VW51BfIJtYkQ+HmmpY0/GBop0CtHaXCOuYOH89IhtV/Dv9JE5iFODBKBR+yV1NkRjfhgDDBGw==",
        "dependencies": {
          "runtime.win10-arm.Microsoft.Net.Native.Compiler": "2.2.8-rel-28605-00",
          "runtime.win10-arm64.Microsoft.Net.Native.Compiler": "2.2.8-rel-28605-00",
          "runtime.win10-x64.Microsoft.Net.Native.Compiler": "2.2.8-rel-28605-00",
          "runtime.win10-x86.Microsoft.Net.Native.Compiler": "2.2.8-rel-28605-00"
        }
      },
      "Microsoft.Net.UWPCoreRuntimeSdk": {
        "type": "Transitive",
        "resolved": "2.2.10",
        "contentHash": "mcfFnwGzJLisoJjsxiFd0SqYeuw9jNeKKiQIJkQ/lpeiOyCf36BFNWkwm6uvlD5C0s0e7QsGZlCv9/BfB5Xe9w==",
        "dependencies": {
          "runtime.win10-arm.Microsoft.Net.UWPCoreRuntimeSdk": "2.2.10",
          "runtime.win10-x64.Microsoft.Net.UWPCoreRuntimeSdk": "2.2.10",
          "runtime.win10-x86.Microsoft.Net.UWPCoreRuntimeSdk": "2.2.10"
        }
      },
      "Microsoft.NETCore.Platforms": {
        "type": "Transitive",
        "resolved": "2.1.0",
        "contentHash": "GmkKfoyerqmsHMn7OZj0AKpcBabD+GaafqphvX2Mw406IwiJRy1pKcKqdCfKJfYmkRyJ6+e+RaUylgdJoDa1jQ=="
      },
      "NETStandard.Library": {
        "type": "Transitive",
        "resolved": "2.0.3",
        "contentHash": "st47PosZSHrjECdjeIzZQbzivYBJFv6P2nv4cj2ypdI204DO+vZ7l5raGMiX4eXMJ53RfOIg+/s4DHVZ54Nu2A==",
        "dependencies": {
          "Microsoft.NETCore.Platforms": "1.1.0"
        }
      },
      "runtime.win10-arm.Microsoft.Net.Native.Compiler": {
        "type": "Transitive",
        "resolved": "2.2.8-rel-28605-00",
        "contentHash": "HM5KPVRR+odWPlaBbrLueWlazAlVAeFCG+OJ419TznpdHChcdnkwTcS4CXE4EHuz5hXcVhkgjwbtDfGlPsPmFQ==",
        "dependencies": {
          "runtime.win10-arm.Microsoft.Net.Native.SharedLibrary": "2.2.7-rel-28605-00"
        }
      },
      "runtime.win10-arm.Microsoft.Net.Native.SharedLibrary": {
        "type": "Transitive",
        "resolved": "2.2.7-rel-28605-00",
        "contentHash": "Sj8KC0MbmN95RBYv6XFsFHz7hsBXNypsQCLfBIXDOOqvNZf/w6YBHyb6LnzRiCMl5jpzMwtMKPJkucv9N5fFMQ=="
      },
      "runtime.win10-arm.Microsoft.Net.UWPCoreRuntimeSdk": {
        "type": "Transitive",
        "resolved": "2.2.10",
        "contentHash": "rflL98T5HvVrpXsWktYVorYsRvGAQlxpdUrPwymnyGUQ4NgUS4TGFUTUG3tgStlEkDdHK9Tcgokc/OTLgZxPDw=="
      },
      "runtime.win10-arm64.Microsoft.Net.Native.Compiler": {
        "type": "Transitive",
        "resolved": "2.2.8-rel-28605-00",
        "contentHash": "Wrgy4yr56no4BaUkxbsJiyU8adzDRrEru6JrVrV/Ac2xJ4StwOBXMXMKXiadyyAYtoUZzimb6M06Kwmr91krhg==",
        "dependencies": {
          "runtime.win10-arm64.Microsoft.Net.Native.SharedLibrary": "2.2.7-rel-28605-00"
        }
      },
      "runtime.win10-arm64.Microsoft.Net.Native.SharedLibrary": {
        "type": "Transitive",
        "resolved": "2.2.7-rel-28605-00",
        "contentHash": "JAdbcX3hqT70ZH7ju+JNz/bncqf5N7LCKZ1fOJmI8BFGua2mYv0o+QdI7DYLoXOnFHcnRAVFp0PMkZgiRJ1ExQ=="
      },
      "runtime.win10-x64.Microsoft.Net.Native.Compiler": {
        "type": "Transitive",
        "resolved": "2.2.8-rel-28605-00",
        "contentHash": "dSfb0x1jQgMI+9XYHcJVW/tEDAMFcJcAwlH2/1eemkfSZsX4yThU2okkT8ubbLy7ykKtTIar6sWtJeMkvPEeeg==",
        "dependencies": {
          "runtime.win10-x64.Microsoft.Net.Native.SharedLibrary": "2.2.7-rel-28605-00"
        }
      },
      "runtime.win10-x64.Microsoft.Net.Native.SharedLibrary": {
        "type": "Transitive",
        "resolved": "2.2.7-rel-28605-00",
        "contentHash": "YBPxChbPISh5NzDXFUsMf5bLBIorzHENUxFMo/3NaXh6TO1IdXWcvaGsDoktpzYiPuceHiKMufeauVt5KGyGIg=="
      },
      "runtime.win10-x64.Microsoft.Net.UWPCoreRuntimeSdk": {
        "type": "Transitive",
        "resolved": "2.2.10",
        "contentHash": "qAsX/LP1XUQm0Nwpv5CD8FgomT4kU5n17rGe/wZjBfFSkQ8DWUA47AD6Z3eJPQyNUA3K6qqw7WYcydHvMAmOVQ=="
      },
      "runtime.win10-x86.Microsoft.Net.Native.Compiler": {
        "type": "Transitive",
        "resolved": "2.2.8-rel-28605-00",
        "contentHash": "FeGc48liZjUfLM8bqqvhZcPpug4QIYyDbbRPvdxgE6twl75uHPsf2srHvCs7BuRqo9A4seMuBuUNPJOQA2frhg==",
        "dependencies": {
          "runtime.win10-x86.Microsoft.Net.Native.SharedLibrary": "2.2.7-rel-28605-00"
        }
      },
      "runtime.win10-x86.Microsoft.Net.Native.SharedLibrary": {
        "type": "Transitive",
        "resolved": "2.2.7-rel-28605-00",
        "contentHash": "Iat43v5IS7KqoyE16mxOJwVVtVh9LaE6x7b3w0VZFQsdixKNQ+cC9vKl3rH/rtqBY3SEecI4lBCCFq7+J5ZPHQ=="
      },
      "runtime.win10-x86.Microsoft.Net.UWPCoreRuntimeSdk": {
        "type": "Transitive",
        "resolved": "2.2.10",
        "contentHash": "HTprRJyqGL4cz6SNeXzR0NGl6gnOfrJbYx1jFs0jYPdUSUB/0I2/ZX9vYB5ceKT8I/xPyoUwv60H/0ZVjbPz4Q=="
      },
      "System.Runtime.CompilerServices.Unsafe": {
        "type": "Transitive",
        "resolved": "4.5.3",
        "contentHash": "3TIsJhD1EiiT0w2CcDMN/iSSwnNnsrnbzeVHSKkaEgV85txMprmuO+Yq2AdSbeVGcg28pdNDTPK87tJhX7VFHw=="
      }
    },
    "UAP,Version=v10.0.17134/win10-arm": {
      "Microsoft.NETCore.UniversalWindowsPlatform": {
        "type": "Direct",
        "requested": "[6.2.10, )",
        "resolved": "6.2.10",
        "contentHash": "ROxFw/6HrgkUQKna0NAPWfmnuHpp/5JFB+lvTG47ELXiYjYpBfEKCGXax8kh/KKzP6uLDn4M3zJUUXC6Bst1+Q==",
        "dependencies": {
          "Microsoft.NETCore.Platforms": "2.1.0",
          "Microsoft.Net.Native.Compiler": "2.2.8-rel-28605-00",
          "Microsoft.Net.UWPCoreRuntimeSdk": "2.2.10",
          "NETStandard.Library": "2.0.3",
          "runtime.win10-arm.Microsoft.NETCore.UniversalWindowsPlatform": "6.2.10"
        }
      },
      "runtime.win10-arm.Microsoft.NETCore.UniversalWindowsPlatform": {
        "type": "Transitive",
        "resolved": "6.2.10",
        "contentHash": "3jdFJku4mZttJZ/dhVWUIntX/uj3qXLxp5ix4F80HxdkQfinjlg0WcxOfF23Qnv+uxigX0OdJ4ivRWze6Hs2OQ=="
      }
    },
    "UAP,Version=v10.0.17134/win10-arm-aot": {
      "Microsoft.NETCore.UniversalWindowsPlatform": {
        "type": "Direct",
        "requested": "[6.2.10, )",
        "resolved": "6.2.10",
        "contentHash": "ROxFw/6HrgkUQKna0NAPWfmnuHpp/5JFB+lvTG47ELXiYjYpBfEKCGXax8kh/KKzP6uLDn4M3zJUUXC6Bst1+Q==",
        "dependencies": {
          "Microsoft.NETCore.Platforms": "2.1.0",
          "Microsoft.Net.Native.Compiler": "2.2.8-rel-28605-00",
          "Microsoft.Net.UWPCoreRuntimeSdk": "2.2.10",
          "NETStandard.Library": "2.0.3",
          "runtime.win10-arm-aot.Microsoft.NETCore.UniversalWindowsPlatform": "6.2.10"
        }
      },
      "runtime.win10-arm-aot.Microsoft.NETCore.UniversalWindowsPlatform": {
        "type": "Transitive",
        "resolved": "6.2.10",
        "contentHash": "WVxiCClbs/F3Nv4o0G28/ECU0QknEJHuHOKjaf3Dg8VNJushLGu99u2vYHLg4tSyRNhQBx5ll7CeY1sczS4VYg=="
      }
    },
    "UAP,Version=v10.0.17134/win10-arm64-aot": {
      "Microsoft.NETCore.UniversalWindowsPlatform": {
        "type": "Direct",
        "requested": "[6.2.10, )",
        "resolved": "6.2.10",
        "contentHash": "ROxFw/6HrgkUQKna0NAPWfmnuHpp/5JFB+lvTG47ELXiYjYpBfEKCGXax8kh/KKzP6uLDn4M3zJUUXC6Bst1+Q==",
        "dependencies": {
          "Microsoft.NETCore.Platforms": "2.1.0",
          "Microsoft.Net.Native.Compiler": "2.2.8-rel-28605-00",
          "Microsoft.Net.UWPCoreRuntimeSdk": "2.2.10",
          "NETStandard.Library": "2.0.3",
          "runtime.win10-arm64-aot.Microsoft.NETCore.UniversalWindowsPlatform": "6.2.10"
        }
      },
      "runtime.win10-arm64-aot.Microsoft.NETCore.UniversalWindowsPlatform": {
        "type": "Transitive",
        "resolved": "6.2.10",
        "contentHash": "SQSrSdI8gHXidwgM+pTB0+mnnR7B1tauwjo+CuYOV/Ww3unOdUYjoaKaU0KjOEQS3piRR6RJ37hzr2FKzKnlaA=="
      }
    },
    "UAP,Version=v10.0.17134/win10-x64": {
      "Microsoft.NETCore.UniversalWindowsPlatform": {
        "type": "Direct",
        "requested": "[6.2.10, )",
        "resolved": "6.2.10",
        "contentHash": "ROxFw/6HrgkUQKna0NAPWfmnuHpp/5JFB+lvTG47ELXiYjYpBfEKCGXax8kh/KKzP6uLDn4M3zJUUXC6Bst1+Q==",
        "dependencies": {
          "Microsoft.NETCore.Platforms": "2.1.0",
          "Microsoft.Net.Native.Compiler": "2.2.8-rel-28605-00",
          "Microsoft.Net.UWPCoreRuntimeSdk": "2.2.10",
          "NETStandard.Library": "2.0.3",
          "runtime.win10-x64.Microsoft.NETCore.UniversalWindowsPlatform": "6.2.10"
        }
      },
      "runtime.win10-x64.Microsoft.NETCore.UniversalWindowsPlatform": {
        "type": "Transitive",
        "resolved": "6.2.10",
        "contentHash": "yidN5Az/P5GNdW2NJkguVJvSEm7odc/jz0ATotUiIBMj7D5Gjh51QbT3NqSHUv9+gkhcgTuaHrkf621BELvvdg=="
      }
    },
    "UAP,Version=v10.0.17134/win10-x64-aot": {
      "Microsoft.NETCore.UniversalWindowsPlatform": {
        "type": "Direct",
        "requested": "[6.2.10, )",
        "resolved": "6.2.10",
        "contentHash": "ROxFw/6HrgkUQKna0NAPWfmnuHpp/5JFB+lvTG47ELXiYjYpBfEKCGXax8kh/KKzP6uLDn4M3zJUUXC6Bst1+Q==",
        "dependencies": {
          "Microsoft.NETCore.Platforms": "2.1.0",
          "Microsoft.Net.Native.Compiler": "2.2.8-rel-28605-00",
          "Microsoft.Net.UWPCoreRuntimeSdk": "2.2.10",
          "NETStandard.Library": "2.0.3",
          "runtime.win10-x64-aot.Microsoft.NETCore.UniversalWindowsPlatform": "6.2.10"
        }
      },
      "runtime.win10-x64-aot.Microsoft.NETCore.UniversalWindowsPlatform": {
        "type": "Transitive",
        "resolved": "6.2.10",
        "contentHash": "ZSFlDtKoIhXfQYcGb7zapoXJDQFqm/YaWXYE1LyVM6X4nEXYuGsdbpSb4W5vFsv7bPiHe0VzcaMyBIBRxBhIrg=="
      }
    },
    "UAP,Version=v10.0.17134/win10-x86": {
      "Microsoft.NETCore.UniversalWindowsPlatform": {
        "type": "Direct",
        "requested": "[6.2.10, )",
        "resolved": "6.2.10",
        "contentHash": "ROxFw/6HrgkUQKna0NAPWfmnuHpp/5JFB+lvTG47ELXiYjYpBfEKCGXax8kh/KKzP6uLDn4M3zJUUXC6Bst1+Q==",
        "dependencies": {
          "Microsoft.NETCore.Platforms": "2.1.0",
          "Microsoft.Net.Native.Compiler": "2.2.8-rel-28605-00",
          "Microsoft.Net.UWPCoreRuntimeSdk": "2.2.10",
          "NETStandard.Library": "2.0.3",
          "runtime.win10-x86.Microsoft.NETCore.UniversalWindowsPlatform": "6.2.10"
        }
      },
      "runtime.win10-x86.Microsoft.NETCore.UniversalWindowsPlatform": {
        "type": "Transitive",
        "resolved": "6.2.10",
        "contentHash": "mi9fu+QTPml2dzdViqSrFd0PPSO5xmL/wYHiPkXsc+Y1U+rTsYqwOCZvfVPL6SVeRaPhqZe0QNEUq5XJMFmA0w=="
      }
    },
    "UAP,Version=v10.0.17134/win10-x86-aot": {
      "Microsoft.NETCore.UniversalWindowsPlatform": {
        "type": "Direct",
        "requested": "[6.2.10, )",
        "resolved": "6.2.10",
        "contentHash": "ROxFw/6HrgkUQKna0NAPWfmnuHpp/5JFB+lvTG47ELXiYjYpBfEKCGXax8kh/KKzP6uLDn4M3zJUUXC6Bst1+Q==",
        "dependencies": {
          "Microsoft.NETCore.Platforms": "2.1.0",
          "Microsoft.Net.Native.Compiler": "2.2.8-rel-28605-00",
          "Microsoft.Net.UWPCoreRuntimeSdk": "2.2.10",
          "NETStandard.Library": "2.0.3",
          "runtime.win10-x86-aot.Microsoft.NETCore.UniversalWindowsPlatform": "6.2.10"
        }
      },
      "runtime.win10-x86-aot.Microsoft.NETCore.UniversalWindowsPlatform": {
        "type": "Transitive",
        "resolved": "6.2.10",
        "contentHash": "5GamW14asifhv5UjtwX/YvPtGzhp8BF35Gx5nqDpPqTOkQD4/30oYg5h7mr4Ci+XydAZSG9QFeAZYJOJ/mMacg=="
      }
    }
  }
}