{
  "version": 1,
  "dependencies": {
    "UAP,Version=v10.0.17134": {
      "Microsoft.NETCore.UniversalWindowsPlatform": {
        "type": "Direct",
        "requested": "[6.2.11, )",
        "resolved": "6.2.11",
        "contentHash": "YeOCD+m2tfqkYzQ2hAKZ52cTrHWU0HRS4/2vf3SeZ+KHWq+unmskH+TrRktaIj/pChwPUMwLdCTU5/+4WeQcWQ==",
        "dependencies": {
          "Microsoft.NETCore.Platforms": "2.1.0",
          "Microsoft.Net.Native.Compiler": "2.2.9-rel-29512-01",
          "Microsoft.Net.UWPCoreRuntimeSdk": "2.2.11",
          "NETStandard.Library": "2.0.3"
        }
      },
      "Nerdbank.GitVersioning": {
        "type": "Direct",
        "requested": "[3.3.37, )",
        "resolved": "3.3.37",
        "contentHash": "YlDKV/gSHQGDThWSGqVyPfKeNP/kx1fj/NPFFgGc/cxzgIbXv4jtYOcbFOz3ZIeAKtpCcSAmVNDOikBs3OxI/A=="
      },
      "Polly": {
        "type": "Direct",
        "requested": "[7.2.1, )",
        "resolved": "7.2.1",
        "contentHash": "Od8SnPlpQr+PuAS0YzY3jgtzaDNknlIuAaldN2VEIyTvm/wCg22C5nUkUV1BEG8rIsub5RFMoV/NEQ0tM/+7Uw=="
      },
      "PropertyChanged.Fody": {
        "type": "Direct",
        "requested": "[2.6.1, )",
        "resolved": "2.6.1",
        "contentHash": "dCMGDjA7ahlpCIfvPxwXB6KIIeYtc2qALk69p22HQwgzKJQG25l87l5skk5ZBV5/B/z3dQZBVZkdJZbvtEXuAg==",
        "dependencies": {
          "Fody": "4.2.1",
          "NETStandard.Library": "1.6.1"
        }
      },
      "System.Threading.Tasks.Extensions": {
        "type": "Direct",
        "requested": "[4.5.4, )",
        "resolved": "4.5.4",
        "contentHash": "zteT+G8xuGu6mS+mzDzYXbzS7rd3K6Fjb9RiZlYlJPam2/hU7JCBZBVEcywNuR+oZ1ncTvc/cq0faRr3P01OVg==",
        "dependencies": {
          "System.Runtime.CompilerServices.Unsafe": "4.5.3"
        }
      },
      "System.ValueTuple": {
        "type": "Direct",
        "requested": "[4.5.0, )",
        "resolved": "4.5.0",
        "contentHash": "okurQJO6NRE/apDIP23ajJ0hpiNmJ+f0BwOlB/cSqTLQlw5upkf+5+96+iG2Jw40G1fCVCyPz/FhIABUjMR+RQ=="
      },
      "Fody": {
        "type": "Transitive",
        "resolved": "4.2.1",
        "contentHash": "46t+e1eESclH4TkfqUEYAgZ1+ZbXSFS7GqSKvtcw6u2yT05heDKdzj1r3YA/6FCZM4uB4z7qRW9V+gBsCilonQ=="
      },
      "Microsoft.Net.Native.Compiler": {
        "type": "Transitive",
        "resolved": "2.2.9-rel-29512-01",
        "contentHash": "xjK9G8qoKaN1kUvOp/PuqYYxk6uGTZFwHUsHLrLXLyFVxnoHq/woqWyVb/n22uNWYtAoioeXlm6hZ0M8/f7eXw==",
        "dependencies": {
          "runtime.win10-arm.Microsoft.Net.Native.Compiler": "2.2.9-rel-29512-01",
          "runtime.win10-arm64.Microsoft.Net.Native.Compiler": "2.2.9-rel-29512-01",
          "runtime.win10-x64.Microsoft.Net.Native.Compiler": "2.2.9-rel-29512-01",
          "runtime.win10-x86.Microsoft.Net.Native.Compiler": "2.2.9-rel-29512-01"
        }
      },
      "Microsoft.Net.UWPCoreRuntimeSdk": {
        "type": "Transitive",
        "resolved": "2.2.11",
        "contentHash": "B1p3txWKwmO+Csf126X9y1gVQej/zOfUUAOE90iOmEHFMieIle/XfKrrAtlHIIo5snylwB8LgDsRn0kWlDsHhg==",
        "dependencies": {
          "runtime.win10-arm.Microsoft.Net.UWPCoreRuntimeSdk": "2.2.11",
          "runtime.win10-x64.Microsoft.Net.UWPCoreRuntimeSdk": "2.2.11",
          "runtime.win10-x86.Microsoft.Net.UWPCoreRuntimeSdk": "2.2.11"
        }
      },
      "Microsoft.NETCore.Platforms": {
        "type": "Transitive",
        "resolved": "2.1.0",
        "contentHash": "GmkKfoyerqmsHMn7OZj0AKpcBabD+GaafqphvX2Mw406IwiJRy1pKcKqdCfKJfYmkRyJ6+e+RaUylgdJoDa1jQ=="
      },
      "NETStandard.Library": {
        "type": "Transitive",
        "resolved": "2.0.3",
        "contentHash": "st47PosZSHrjECdjeIzZQbzivYBJFv6P2nv4cj2ypdI204DO+vZ7l5raGMiX4eXMJ53RfOIg+/s4DHVZ54Nu2A==",
        "dependencies": {
          "Microsoft.NETCore.Platforms": "1.1.0"
        }
      },
      "runtime.win10-arm.Microsoft.Net.Native.Compiler": {
        "type": "Transitive",
        "resolved": "2.2.9-rel-29512-01",
        "contentHash": "p+v2gthEgj5Tgm4Cl05mfV0w6Q7IFMdOQXZQsiZRg4wBkKSdVoW9lgaxF8bVffBJYes2Vm8ovKpxwTrmEXRzFg==",
        "dependencies": {
          "runtime.win10-arm.Microsoft.Net.Native.SharedLibrary": "2.2.8-rel-29512-01"
        }
      },
      "runtime.win10-arm.Microsoft.Net.Native.SharedLibrary": {
        "type": "Transitive",
        "resolved": "2.2.8-rel-29512-01",
        "contentHash": "GUQ7Ubf9ts1XfNNaDrJUnmpsKfpcyZ+8NeZoDyYlImgT/UukkW1cYaxqbxM8VH+g5iIGXeO7suVv8tkwE862FA=="
      },
      "runtime.win10-arm.Microsoft.Net.UWPCoreRuntimeSdk": {
        "type": "Transitive",
        "resolved": "2.2.11",
        "contentHash": "R1RaI4RSc+H9E5Pq9pndWzAv4dxztym4+TAII4VrsReePMGRM8eoJByg47BAPM4Y9mBv7esR0KhYc5J1/hpUIw=="
      },
      "runtime.win10-arm64.Microsoft.Net.Native.Compiler": {
        "type": "Transitive",
        "resolved": "2.2.9-rel-29512-01",
        "contentHash": "8ex2blgQcIw/MoaJH7hqRJdekTWgMUz5Qb+xmVeGvbB/lWl4BPv6/J9+cmcFxEM+Z7OA8xilFH1kwWFMyvak1A==",
        "dependencies": {
          "runtime.win10-arm64.Microsoft.Net.Native.SharedLibrary": "2.2.8-rel-29512-01"
        }
      },
      "runtime.win10-arm64.Microsoft.Net.Native.SharedLibrary": {
        "type": "Transitive",
        "resolved": "2.2.8-rel-29512-01",
        "contentHash": "iYqXJq6hpg07RqAqq8RAffVU1308cQ2ta4ZZtfWI8tbVXGuKOU6he52AMgz4JfcP/Yb/khy9Gdxl62MVXcctzg=="
      },
      "runtime.win10-x64.Microsoft.Net.Native.Compiler": {
        "type": "Transitive",
        "resolved": "2.2.9-rel-29512-01",
        "contentHash": "sgiiODHWt4WZ9mDpZd+XkCdWYCBZukjZPNz3XJdeKeeNcRA4y4OTtd2+STWytXDxWAXUNRjImDF5XP48jNXj8A==",
        "dependencies": {
          "runtime.win10-x64.Microsoft.Net.Native.SharedLibrary": "2.2.8-rel-29512-01"
        }
      },
      "runtime.win10-x64.Microsoft.Net.Native.SharedLibrary": {
        "type": "Transitive",
        "resolved": "2.2.8-rel-29512-01",
        "contentHash": "JoJavADSFAHk8KQo/bIHT+TTM1gn26X7A3DBltr0ocxcR+6FEnrFa1dLev2tFWmUcndeoyTklndZKwBkSFfEDw=="
      },
      "runtime.win10-x64.Microsoft.Net.UWPCoreRuntimeSdk": {
        "type": "Transitive",
        "resolved": "2.2.11",
        "contentHash": "7e8MH4/tzwVV25dUvq+eYgvH31Tyi7kpGNcsqfzfJDYxA6hpGijhfZFFn2QHjORRoTu/BVxGM/9xc/bP4J0vRg=="
      },
      "runtime.win10-x86.Microsoft.Net.Native.Compiler": {
        "type": "Transitive",
        "resolved": "2.2.9-rel-29512-01",
        "contentHash": "M586UCPkXEXFbbC7dNznyN9/uNSWNjOeWWHrKNhwztaIl5iCaqr9ITDu55hd7tRdsoi/mPthAH470k4Vml/UrA==",
        "dependencies": {
          "runtime.win10-x86.Microsoft.Net.Native.SharedLibrary": "2.2.8-rel-29512-01"
        }
      },
      "runtime.win10-x86.Microsoft.Net.Native.SharedLibrary": {
        "type": "Transitive",
        "resolved": "2.2.8-rel-29512-01",
        "contentHash": "s+oRLOdFSD8FS/hG2MBLzcdPzvBOzQqydYGLl/E+jaB7ijqYs8Dd3yeK72HgWLmKvp3rtkPhCHeRqYhA54+1YQ=="
      },
      "runtime.win10-x86.Microsoft.Net.UWPCoreRuntimeSdk": {
        "type": "Transitive",
        "resolved": "2.2.11",
        "contentHash": "NF8tUTxFfwd8MXiA6ygCVuT7dVgEkaHpuwFnDeP1L2i1SIOxhk5w4HHySjmvbRSYtnjLA9BlOtwjGIJCztOHeg=="
      },
      "System.Runtime.CompilerServices.Unsafe": {
        "type": "Transitive",
        "resolved": "4.5.3",
        "contentHash": "3TIsJhD1EiiT0w2CcDMN/iSSwnNnsrnbzeVHSKkaEgV85txMprmuO+Yq2AdSbeVGcg28pdNDTPK87tJhX7VFHw=="
      }
    },
    "UAP,Version=v10.0.17134/win10-arm": {
      "Microsoft.NETCore.UniversalWindowsPlatform": {
        "type": "Direct",
        "requested": "[6.2.11, )",
        "resolved": "6.2.11",
        "contentHash": "YeOCD+m2tfqkYzQ2hAKZ52cTrHWU0HRS4/2vf3SeZ+KHWq+unmskH+TrRktaIj/pChwPUMwLdCTU5/+4WeQcWQ==",
        "dependencies": {
          "Microsoft.NETCore.Platforms": "2.1.0",
          "Microsoft.Net.Native.Compiler": "2.2.9-rel-29512-01",
          "Microsoft.Net.UWPCoreRuntimeSdk": "2.2.11",
          "NETStandard.Library": "2.0.3",
          "runtime.win10-arm.Microsoft.NETCore.UniversalWindowsPlatform": "6.2.11"
        }
      },
      "runtime.win10-arm.Microsoft.NETCore.UniversalWindowsPlatform": {
        "type": "Transitive",
        "resolved": "6.2.11",
        "contentHash": "TMXtd4TVwVgENc4tFWZ+rfnJXZfwRmeL9vkkwMjyCK6+dknZaFuiRMnZ9ggPDMZ4qtq4eKXDqhp7GIVzLkmTxQ=="
      }
    },
    "UAP,Version=v10.0.17134/win10-arm-aot": {
      "Microsoft.NETCore.UniversalWindowsPlatform": {
        "type": "Direct",
        "requested": "[6.2.11, )",
        "resolved": "6.2.11",
        "contentHash": "YeOCD+m2tfqkYzQ2hAKZ52cTrHWU0HRS4/2vf3SeZ+KHWq+unmskH+TrRktaIj/pChwPUMwLdCTU5/+4WeQcWQ==",
        "dependencies": {
          "Microsoft.NETCore.Platforms": "2.1.0",
          "Microsoft.Net.Native.Compiler": "2.2.9-rel-29512-01",
          "Microsoft.Net.UWPCoreRuntimeSdk": "2.2.11",
          "NETStandard.Library": "2.0.3",
          "runtime.win10-arm-aot.Microsoft.NETCore.UniversalWindowsPlatform": "6.2.11"
        }
      },
      "runtime.win10-arm-aot.Microsoft.NETCore.UniversalWindowsPlatform": {
        "type": "Transitive",
        "resolved": "6.2.11",
        "contentHash": "Sn/jnBh7ggB1TqoxrsEM2S+JpFM8FOO8lXRfdp9LWbUI1Vgzb+a5wpS1bXki1lJK6cFrVldDjbZv4D4NEfJuyg=="
      }
    },
    "UAP,Version=v10.0.17134/win10-arm64-aot": {
      "Microsoft.NETCore.UniversalWindowsPlatform": {
        "type": "Direct",
        "requested": "[6.2.11, )",
        "resolved": "6.2.11",
        "contentHash": "YeOCD+m2tfqkYzQ2hAKZ52cTrHWU0HRS4/2vf3SeZ+KHWq+unmskH+TrRktaIj/pChwPUMwLdCTU5/+4WeQcWQ==",
        "dependencies": {
          "Microsoft.NETCore.Platforms": "2.1.0",
          "Microsoft.Net.Native.Compiler": "2.2.9-rel-29512-01",
          "Microsoft.Net.UWPCoreRuntimeSdk": "2.2.11",
          "NETStandard.Library": "2.0.3",
          "runtime.win10-arm64-aot.Microsoft.NETCore.UniversalWindowsPlatform": "6.2.11"
        }
      },
      "runtime.win10-arm64-aot.Microsoft.NETCore.UniversalWindowsPlatform": {
        "type": "Transitive",
        "resolved": "6.2.11",
        "contentHash": "07IvykpRbKdON7JjrBxshOKTqkJ39h7b6xc6AE09h8DaoP8CsUkyn+IBRlMGAzfVNnQwaoCKf+EWoSCueBKaqQ=="
      }
    },
    "UAP,Version=v10.0.17134/win10-x64": {
      "Microsoft.NETCore.UniversalWindowsPlatform": {
        "type": "Direct",
        "requested": "[6.2.11, )",
        "resolved": "6.2.11",
        "contentHash": "YeOCD+m2tfqkYzQ2hAKZ52cTrHWU0HRS4/2vf3SeZ+KHWq+unmskH+TrRktaIj/pChwPUMwLdCTU5/+4WeQcWQ==",
        "dependencies": {
          "Microsoft.NETCore.Platforms": "2.1.0",
          "Microsoft.Net.Native.Compiler": "2.2.9-rel-29512-01",
          "Microsoft.Net.UWPCoreRuntimeSdk": "2.2.11",
          "NETStandard.Library": "2.0.3",
          "runtime.win10-x64.Microsoft.NETCore.UniversalWindowsPlatform": "6.2.11"
        }
      },
      "runtime.win10-x64.Microsoft.NETCore.UniversalWindowsPlatform": {
        "type": "Transitive",
        "resolved": "6.2.11",
        "contentHash": "EqfKqHuQsosS4oPFBaKlUFMSV2ZSLh2VoxWnLkPiydVK9jIh31c2Au1csZ5ucQmXOra3vEuZLToOK4XNVLW2wQ=="
      }
    },
    "UAP,Version=v10.0.17134/win10-x64-aot": {
      "Microsoft.NETCore.UniversalWindowsPlatform": {
        "type": "Direct",
        "requested": "[6.2.11, )",
        "resolved": "6.2.11",
        "contentHash": "YeOCD+m2tfqkYzQ2hAKZ52cTrHWU0HRS4/2vf3SeZ+KHWq+unmskH+TrRktaIj/pChwPUMwLdCTU5/+4WeQcWQ==",
        "dependencies": {
          "Microsoft.NETCore.Platforms": "2.1.0",
          "Microsoft.Net.Native.Compiler": "2.2.9-rel-29512-01",
          "Microsoft.Net.UWPCoreRuntimeSdk": "2.2.11",
          "NETStandard.Library": "2.0.3",
          "runtime.win10-x64-aot.Microsoft.NETCore.UniversalWindowsPlatform": "6.2.11"
        }
      },
      "runtime.win10-x64-aot.Microsoft.NETCore.UniversalWindowsPlatform": {
        "type": "Transitive",
        "resolved": "6.2.11",
        "contentHash": "PfST4gE/8rgl0tPMlGYp7BqzFjrhSGMQd+V68P4IMze9V6cnlkyXof4apD9MDzl7MPMPO0wwlkMj89+4+vXP3A=="
      }
    },
    "UAP,Version=v10.0.17134/win10-x86": {
      "Microsoft.NETCore.UniversalWindowsPlatform": {
        "type": "Direct",
        "requested": "[6.2.11, )",
        "resolved": "6.2.11",
        "contentHash": "YeOCD+m2tfqkYzQ2hAKZ52cTrHWU0HRS4/2vf3SeZ+KHWq+unmskH+TrRktaIj/pChwPUMwLdCTU5/+4WeQcWQ==",
        "dependencies": {
          "Microsoft.NETCore.Platforms": "2.1.0",
          "Microsoft.Net.Native.Compiler": "2.2.9-rel-29512-01",
          "Microsoft.Net.UWPCoreRuntimeSdk": "2.2.11",
          "NETStandard.Library": "2.0.3",
          "runtime.win10-x86.Microsoft.NETCore.UniversalWindowsPlatform": "6.2.11"
        }
      },
      "runtime.win10-x86.Microsoft.NETCore.UniversalWindowsPlatform": {
        "type": "Transitive",
        "resolved": "6.2.11",
        "contentHash": "Svwt46NcUEBhH+LNdg+9J+phHiWW3mmfuKrKT1RGI9QCownxaFg0kI5NCT0YhoMcndFT6fLsUA5VLswApg3/HA=="
      }
    },
    "UAP,Version=v10.0.17134/win10-x86-aot": {
      "Microsoft.NETCore.UniversalWindowsPlatform": {
        "type": "Direct",
        "requested": "[6.2.11, )",
        "resolved": "6.2.11",
        "contentHash": "YeOCD+m2tfqkYzQ2hAKZ52cTrHWU0HRS4/2vf3SeZ+KHWq+unmskH+TrRktaIj/pChwPUMwLdCTU5/+4WeQcWQ==",
        "dependencies": {
          "Microsoft.NETCore.Platforms": "2.1.0",
          "Microsoft.Net.Native.Compiler": "2.2.9-rel-29512-01",
          "Microsoft.Net.UWPCoreRuntimeSdk": "2.2.11",
          "NETStandard.Library": "2.0.3",
          "runtime.win10-x86-aot.Microsoft.NETCore.UniversalWindowsPlatform": "6.2.11"
        }
      },
      "runtime.win10-x86-aot.Microsoft.NETCore.UniversalWindowsPlatform": {
        "type": "Transitive",
        "resolved": "6.2.11",
        "contentHash": "2Yz+NstJwZlo4+9jfpQ+5fVuowPVIOG/Lp2yABPtfmh4VhbxoKyiAjeRo7bZUMk1RdwZL+LjJ5zg2l2Sh3ZhEA=="
      }
    }
  }
}